
Microsoft Visual Studio Solution File, Format Version 12.00
# Visual Studio 15
VisualStudioVersion = 15.0.27130.2036
MinimumVisualStudioVersion = 10.0.40219.1
Project("{FAE04EC0-301F-11D3-BF4B-00C04F79EFBC}") = "RootEmployees.Android", "RootEmployees\RootEmployees.Android\RootEmployees.Android.csproj", "{925B1E68-5B04-4755-940C-446EDC43518B}"
EndProject
Project("{FAE04EC0-301F-11D3-BF4B-00C04F79EFBC}") = "RootEmployees.iOS", "RootEmployees\RootEmployees.iOS\RootEmployees.iOS.csproj", "{36A798D1-FA16-425A-A41F-7FCD96215084}"
EndProject
Project("{FAE04EC0-301F-11D3-BF4B-00C04F79EFBC}") = "RootEmployees.UWP", "RootEmployees\RootEmployees.UWP\RootEmployees.UWP.csproj", "{32BAC6B6-C5FC-4F69-9B49-DD4752A631EA}"
EndProject
Project("{FAE04EC0-301F-11D3-BF4B-00C04F79EFBC}") = "RootEmployees", "RootEmployees\RootEmployees\RootEmployees.csproj", "{66760DB4-ECED-4E56-9BE0-C3F26E20BD79}"
EndProject
Global
	GlobalSection(SolutionConfigurationPlatforms) = preSolution
		Ad-Hoc|Any CPU = Ad-Hoc|Any CPU
		Ad-Hoc|ARM = Ad-Hoc|ARM
		Ad-Hoc|iPhone = Ad-Hoc|iPhone
		Ad-Hoc|iPhoneSimulator = Ad-Hoc|iPhoneSimulator
		Ad-Hoc|x64 = Ad-Hoc|x64
		Ad-Hoc|x86 = Ad-Hoc|x86
		AppStore|Any CPU = AppStore|Any CPU
		AppStore|ARM = AppStore|ARM
		AppStore|iPhone = AppStore|iPhone
		AppStore|iPhoneSimulator = AppStore|iPhoneSimulator
		AppStore|x64 = AppStore|x64
		AppStore|x86 = AppStore|x86
		Debug|Any CPU = Debug|Any CPU
		Debug|ARM = Debug|ARM
		Debug|iPhone = Debug|iPhone
		Debug|iPhoneSimulator = Debug|iPhoneSimulator
		Debug|x64 = Debug|x64
		Debug|x86 = Debug|x86
		Release|Any CPU = Release|Any CPU
		Release|ARM = Release|ARM
		Release|iPhone = Release|iPhone
		Release|iPhoneSimulator = Release|iPhoneSimulator
		Release|x64 = Release|x64
		Release|x86 = Release|x86
	EndGlobalSection
	GlobalSection(ProjectConfigurationPlatforms) = postSolution
		{925B1E68-5B04-4755-940C-446EDC43518B}.Ad-Hoc|Any CPU.ActiveCfg = Release|Any CPU
		{925B1E68-5B04-4755-940C-446EDC43518B}.Ad-Hoc|Any CPU.Build.0 = Release|Any CPU
		{925B1E68-5B04-4755-940C-446EDC43518B}.Ad-Hoc|Any CPU.Deploy.0 = Release|Any CPU
		{925B1E68-5B04-4755-940C-446EDC43518B}.Ad-Hoc|ARM.ActiveCfg = Release|Any CPU
		{925B1E68-5B04-4755-940C-446EDC43518B}.Ad-Hoc|ARM.Build.0 = Release|Any CPU
		{925B1E68-5B04-4755-940C-446EDC43518B}.Ad-Hoc|ARM.Deploy.0 = Release|Any CPU
		{925B1E68-5B04-4755-940C-446EDC43518B}.Ad-Hoc|iPhone.ActiveCfg = Release|Any CPU
		{925B1E68-5B04-4755-940C-446EDC43518B}.Ad-Hoc|iPhone.Build.0 = Release|Any CPU
		{925B1E68-5B04-4755-940C-446EDC43518B}.Ad-Hoc|iPhone.Deploy.0 = Release|Any CPU
		{925B1E68-5B04-4755-940C-446EDC43518B}.Ad-Hoc|iPhoneSimulator.ActiveCfg = Release|Any CPU
		{925B1E68-5B04-4755-940C-446EDC43518B}.Ad-Hoc|iPhoneSimulator.Build.0 = Release|Any CPU
		{925B1E68-5B04-4755-940C-446EDC43518B}.Ad-Hoc|iPhoneSimulator.Deploy.0 = Release|Any CPU
		{925B1E68-5B04-4755-940C-446EDC43518B}.Ad-Hoc|x64.ActiveCfg = Release|Any CPU
		{925B1E68-5B04-4755-940C-446EDC43518B}.Ad-Hoc|x64.Build.0 = Release|Any CPU
		{925B1E68-5B04-4755-940C-446EDC43518B}.Ad-Hoc|x64.Deploy.0 = Release|Any CPU
		{925B1E68-5B04-4755-940C-446EDC43518B}.Ad-Hoc|x86.ActiveCfg = Release|Any CPU
		{925B1E68-5B04-4755-940C-446EDC43518B}.Ad-Hoc|x86.Build.0 = Release|Any CPU
		{925B1E68-5B04-4755-940C-446EDC43518B}.Ad-Hoc|x86.Deploy.0 = Release|Any CPU
		{925B1E68-5B04-4755-940C-446EDC43518B}.AppStore|Any CPU.ActiveCfg = Release|Any CPU
		{925B1E68-5B04-4755-940C-446EDC43518B}.AppStore|Any CPU.Build.0 = Release|Any CPU
		{925B1E68-5B04-4755-940C-446EDC43518B}.AppStore|Any CPU.Deploy.0 = Release|Any CPU
		{925B1E68-5B04-4755-940C-446EDC43518B}.AppStore|ARM.ActiveCfg = Release|Any CPU
		{925B1E68-5B04-4755-940C-446EDC43518B}.AppStore|ARM.Build.0 = Release|Any CPU
		{925B1E68-5B04-4755-940C-446EDC43518B}.AppStore|ARM.Deploy.0 = Release|Any CPU
		{925B1E68-5B04-4755-940C-446EDC43518B}.AppStore|iPhone.ActiveCfg = Release|Any CPU
		{925B1E68-5B04-4755-940C-446EDC43518B}.AppStore|iPhone.Build.0 = Release|Any CPU
		{925B1E68-5B04-4755-940C-446EDC43518B}.AppStore|iPhone.Deploy.0 = Release|Any CPU
		{925B1E68-5B04-4755-940C-446EDC43518B}.AppStore|iPhoneSimulator.ActiveCfg = Release|Any CPU
		{925B1E68-5B04-4755-940C-446EDC43518B}.AppStore|iPhoneSimulator.Build.0 = Release|Any CPU
		{925B1E68-5B04-4755-940C-446EDC43518B}.AppStore|iPhoneSimulator.Deploy.0 = Release|Any CPU
		{925B1E68-5B04-4755-940C-446EDC43518B}.AppStore|x64.ActiveCfg = Release|Any CPU
		{925B1E68-5B04-4755-940C-446EDC43518B}.AppStore|x64.Build.0 = Release|Any CPU
		{925B1E68-5B04-4755-940C-446EDC43518B}.AppStore|x64.Deploy.0 = Release|Any CPU
		{925B1E68-5B04-4755-940C-446EDC43518B}.AppStore|x86.ActiveCfg = Release|Any CPU
		{925B1E68-5B04-4755-940C-446EDC43518B}.AppStore|x86.Build.0 = Release|Any CPU
		{925B1E68-5B04-4755-940C-446EDC43518B}.AppStore|x86.Deploy.0 = Release|Any CPU
		{925B1E68-5B04-4755-940C-446EDC43518B}.Debug|Any CPU.ActiveCfg = Debug|Any CPU
		{925B1E68-5B04-4755-940C-446EDC43518B}.Debug|Any CPU.Build.0 = Debug|Any CPU
		{925B1E68-5B04-4755-940C-446EDC43518B}.Debug|Any CPU.Deploy.0 = Debug|Any CPU
		{925B1E68-5B04-4755-940C-446EDC43518B}.Debug|ARM.ActiveCfg = Debug|Any CPU
		{925B1E68-5B04-4755-940C-446EDC43518B}.Debug|ARM.Build.0 = Debug|Any CPU
		{925B1E68-5B04-4755-940C-446EDC43518B}.Debug|ARM.Deploy.0 = Debug|Any CPU
		{925B1E68-5B04-4755-940C-446EDC43518B}.Debug|iPhone.ActiveCfg = Debug|Any CPU
		{925B1E68-5B04-4755-940C-446EDC43518B}.Debug|iPhone.Build.0 = Debug|Any CPU
		{925B1E68-5B04-4755-940C-446EDC43518B}.Debug|iPhone.Deploy.0 = Debug|Any CPU
		{925B1E68-5B04-4755-940C-446EDC43518B}.Debug|iPhoneSimulator.ActiveCfg = Debug|Any CPU
		{925B1E68-5B04-4755-940C-446EDC43518B}.Debug|iPhoneSimulator.Build.0 = Debug|Any CPU
		{925B1E68-5B04-4755-940C-446EDC43518B}.Debug|iPhoneSimulator.Deploy.0 = Debug|Any CPU
		{925B1E68-5B04-4755-940C-446EDC43518B}.Debug|x64.ActiveCfg = Debug|Any CPU
		{925B1E68-5B04-4755-940C-446EDC43518B}.Debug|x64.Build.0 = Debug|Any CPU
		{925B1E68-5B04-4755-940C-446EDC43518B}.Debug|x64.Deploy.0 = Debug|Any CPU
		{925B1E68-5B04-4755-940C-446EDC43518B}.Debug|x86.ActiveCfg = Debug|Any CPU
		{925B1E68-5B04-4755-940C-446EDC43518B}.Debug|x86.Build.0 = Debug|Any CPU
		{925B1E68-5B04-4755-940C-446EDC43518B}.Debug|x86.Deploy.0 = Debug|Any CPU
		{925B1E68-5B04-4755-940C-446EDC43518B}.Release|Any CPU.ActiveCfg = Release|Any CPU
		{925B1E68-5B04-4755-940C-446EDC43518B}.Release|Any CPU.Build.0 = Release|Any CPU
		{925B1E68-5B04-4755-940C-446EDC43518B}.Release|Any CPU.Deploy.0 = Release|Any CPU
		{925B1E68-5B04-4755-940C-446EDC43518B}.Release|ARM.ActiveCfg = Release|Any CPU
		{925B1E68-5B04-4755-940C-446EDC43518B}.Release|ARM.Build.0 = Release|Any CPU
		{925B1E68-5B04-4755-940C-446EDC43518B}.Release|ARM.Deploy.0 = Release|Any CPU
		{925B1E68-5B04-4755-940C-446EDC43518B}.Release|iPhone.ActiveCfg = Release|Any CPU
		{925B1E68-5B04-4755-940C-446EDC43518B}.Release|iPhone.Build.0 = Release|Any CPU
		{925B1E68-5B04-4755-940C-446EDC43518B}.Release|iPhone.Deploy.0 = Release|Any CPU
		{925B1E68-5B04-4755-940C-446EDC43518B}.Release|iPhoneSimulator.ActiveCfg = Release|Any CPU
		{925B1E68-5B04-4755-940C-446EDC43518B}.Release|iPhoneSimulator.Build.0 = Release|Any CPU
		{925B1E68-5B04-4755-940C-446EDC43518B}.Release|iPhoneSimulator.Deploy.0 = Release|Any CPU
		{925B1E68-5B04-4755-940C-446EDC43518B}.Release|x64.ActiveCfg = Release|Any CPU
		{925B1E68-5B04-4755-940C-446EDC43518B}.Release|x64.Build.0 = Release|Any CPU
		{925B1E68-5B04-4755-940C-446EDC43518B}.Release|x64.Deploy.0 = Release|Any CPU
		{925B1E68-5B04-4755-940C-446EDC43518B}.Release|x86.ActiveCfg = Release|Any CPU
		{925B1E68-5B04-4755-940C-446EDC43518B}.Release|x86.Build.0 = Release|Any CPU
		{925B1E68-5B04-4755-940C-446EDC43518B}.Release|x86.Deploy.0 = Release|Any CPU
		{36A798D1-FA16-425A-A41F-7FCD96215084}.Ad-Hoc|Any CPU.ActiveCfg = Ad-Hoc|iPhone
		{36A798D1-FA16-425A-A41F-7FCD96215084}.Ad-Hoc|ARM.ActiveCfg = Ad-Hoc|iPhone
		{36A798D1-FA16-425A-A41F-7FCD96215084}.Ad-Hoc|iPhone.ActiveCfg = Ad-Hoc|iPhone
		{36A798D1-FA16-425A-A41F-7FCD96215084}.Ad-Hoc|iPhone.Build.0 = Ad-Hoc|iPhone
		{36A798D1-FA16-425A-A41F-7FCD96215084}.Ad-Hoc|iPhoneSimulator.ActiveCfg = Ad-Hoc|iPhoneSimulator
		{36A798D1-FA16-425A-A41F-7FCD96215084}.Ad-Hoc|iPhoneSimulator.Build.0 = Ad-Hoc|iPhoneSimulator
		{36A798D1-FA16-425A-A41F-7FCD96215084}.Ad-Hoc|x64.ActiveCfg = Ad-Hoc|iPhone
		{36A798D1-FA16-425A-A41F-7FCD96215084}.Ad-Hoc|x86.ActiveCfg = Ad-Hoc|iPhone
		{36A798D1-FA16-425A-A41F-7FCD96215084}.AppStore|Any CPU.ActiveCfg = AppStore|iPhone
		{36A798D1-FA16-425A-A41F-7FCD96215084}.AppStore|ARM.ActiveCfg = AppStore|iPhone
		{36A798D1-FA16-425A-A41F-7FCD96215084}.AppStore|iPhone.ActiveCfg = AppStore|iPhone
		{36A798D1-FA16-425A-A41F-7FCD96215084}.AppStore|iPhone.Build.0 = AppStore|iPhone
		{36A798D1-FA16-425A-A41F-7FCD96215084}.AppStore|iPhoneSimulator.ActiveCfg = AppStore|iPhoneSimulator
		{36A798D1-FA16-425A-A41F-7FCD96215084}.AppStore|iPhoneSimulator.Build.0 = AppStore|iPhoneSimulator
		{36A798D1-FA16-425A-A41F-7FCD96215084}.AppStore|x64.ActiveCfg = AppStore|iPhone
		{36A798D1-FA16-425A-A41F-7FCD96215084}.AppStore|x86.ActiveCfg = AppStore|iPhone
		{36A798D1-FA16-425A-A41F-7FCD96215084}.Debug|Any CPU.ActiveCfg = Debug|iPhone
		{36A798D1-FA16-425A-A41F-7FCD96215084}.Debug|ARM.ActiveCfg = Debug|iPhone
		{36A798D1-FA16-425A-A41F-7FCD96215084}.Debug|iPhone.ActiveCfg = Debug|iPhone
		{36A798D1-FA16-425A-A41F-7FCD96215084}.Debug|iPhone.Build.0 = Debug|iPhone
		{36A798D1-FA16-425A-A41F-7FCD96215084}.Debug|iPhoneSimulator.ActiveCfg = Debug|iPhoneSimulator
		{36A798D1-FA16-425A-A41F-7FCD96215084}.Debug|iPhoneSimulator.Build.0 = Debug|iPhoneSimulator
		{36A798D1-FA16-425A-A41F-7FCD96215084}.Debug|x64.ActiveCfg = Debug|iPhone
		{36A798D1-FA16-425A-A41F-7FCD96215084}.Debug|x86.ActiveCfg = Debug|iPhone
		{36A798D1-FA16-425A-A41F-7FCD96215084}.Release|Any CPU.ActiveCfg = Release|iPhone
		{36A798D1-FA16-425A-A41F-7FCD96215084}.Release|ARM.ActiveCfg = Release|iPhone
		{36A798D1-FA16-425A-A41F-7FCD96215084}.Release|iPhone.ActiveCfg = Release|iPhone
		{36A798D1-FA16-425A-A41F-7FCD96215084}.Release|iPhone.Build.0 = Release|iPhone
		{36A798D1-FA16-425A-A41F-7FCD96215084}.Release|iPhoneSimulator.ActiveCfg = Release|iPhoneSimulator
		{36A798D1-FA16-425A-A41F-7FCD96215084}.Release|iPhoneSimulator.Build.0 = Release|iPhoneSimulator
		{36A798D1-FA16-425A-A41F-7FCD96215084}.Release|x64.ActiveCfg = Release|iPhone
		{36A798D1-FA16-425A-A41F-7FCD96215084}.Release|x86.ActiveCfg = Release|iPhone
		{32BAC6B6-C5FC-4F69-9B49-DD4752A631EA}.Ad-Hoc|Any CPU.ActiveCfg = Release|x86
		{32BAC6B6-C5FC-4F69-9B49-DD4752A631EA}.Ad-Hoc|Any CPU.Build.0 = Release|x86
		{32BAC6B6-C5FC-4F69-9B49-DD4752A631EA}.Ad-Hoc|Any CPU.Deploy.0 = Release|x86
		{32BAC6B6-C5FC-4F69-9B49-DD4752A631EA}.Ad-Hoc|ARM.ActiveCfg = Release|ARM
		{32BAC6B6-C5FC-4F69-9B49-DD4752A631EA}.Ad-Hoc|ARM.Build.0 = Release|ARM
		{32BAC6B6-C5FC-4F69-9B49-DD4752A631EA}.Ad-Hoc|ARM.Deploy.0 = Release|ARM
		{32BAC6B6-C5FC-4F69-9B49-DD4752A631EA}.Ad-Hoc|iPhone.ActiveCfg = Release|x86
		{32BAC6B6-C5FC-4F69-9B49-DD4752A631EA}.Ad-Hoc|iPhone.Build.0 = Release|x86
		{32BAC6B6-C5FC-4F69-9B49-DD4752A631EA}.Ad-Hoc|iPhone.Deploy.0 = Release|x86
		{32BAC6B6-C5FC-4F69-9B49-DD4752A631EA}.Ad-Hoc|iPhoneSimulator.ActiveCfg = Release|x86
		{32BAC6B6-C5FC-4F69-9B49-DD4752A631EA}.Ad-Hoc|iPhoneSimulator.Build.0 = Release|x86
		{32BAC6B6-C5FC-4F69-9B49-DD4752A631EA}.Ad-Hoc|iPhoneSimulator.Deploy.0 = Release|x86
		{32BAC6B6-C5FC-4F69-9B49-DD4752A631EA}.Ad-Hoc|x64.ActiveCfg = Release|x64
		{32BAC6B6-C5FC-4F69-9B49-DD4752A631EA}.Ad-Hoc|x64.Build.0 = Release|x64
		{32BAC6B6-C5FC-4F69-9B49-DD4752A631EA}.Ad-Hoc|x64.Deploy.0 = Release|x64
		{32BAC6B6-C5FC-4F69-9B49-DD4752A631EA}.Ad-Hoc|x86.ActiveCfg = Release|x86
		{32BAC6B6-C5FC-4F69-9B49-DD4752A631EA}.Ad-Hoc|x86.Build.0 = Release|x86
		{32BAC6B6-C5FC-4F69-9B49-DD4752A631EA}.Ad-Hoc|x86.Deploy.0 = Release|x86
		{32BAC6B6-C5FC-4F69-9B49-DD4752A631EA}.AppStore|Any CPU.ActiveCfg = Release|x86
		{32BAC6B6-C5FC-4F69-9B49-DD4752A631EA}.AppStore|Any CPU.Build.0 = Release|x86
		{32BAC6B6-C5FC-4F69-9B49-DD4752A631EA}.AppStore|Any CPU.Deploy.0 = Release|x86
		{32BAC6B6-C5FC-4F69-9B49-DD4752A631EA}.AppStore|ARM.ActiveCfg = Release|ARM
		{32BAC6B6-C5FC-4F69-9B49-DD4752A631EA}.AppStore|ARM.Build.0 = Release|ARM
		{32BAC6B6-C5FC-4F69-9B49-DD4752A631EA}.AppStore|ARM.Deploy.0 = Release|ARM
		{32BAC6B6-C5FC-4F69-9B49-DD4752A631EA}.AppStore|iPhone.ActiveCfg = Release|x86
		{32BAC6B6-C5FC-4F69-9B49-DD4752A631EA}.AppStore|iPhone.Build.0 = Release|x86
		{32BAC6B6-C5FC-4F69-9B49-DD4752A631EA}.AppStore|iPhone.Deploy.0 = Release|x86
		{32BAC6B6-C5FC-4F69-9B49-DD4752A631EA}.AppStore|iPhoneSimulator.ActiveCfg = Release|x86
		{32BAC6B6-C5FC-4F69-9B49-DD4752A631EA}.AppStore|iPhoneSimulator.Build.0 = Release|x86
		{32BAC6B6-C5FC-4F69-9B49-DD4752A631EA}.AppStore|iPhoneSimulator.Deploy.0 = Release|x86
		{32BAC6B6-C5FC-4F69-9B49-DD4752A631EA}.AppStore|x64.ActiveCfg = Release|x64
		{32BAC6B6-C5FC-4F69-9B49-DD4752A631EA}.AppStore|x64.Build.0 = Release|x64
		{32BAC6B6-C5FC-4F69-9B49-DD4752A631EA}.AppStore|x64.Deploy.0 = Release|x64
		{32BAC6B6-C5FC-4F69-9B49-DD4752A631EA}.AppStore|x86.ActiveCfg = Release|x86
		{32BAC6B6-C5FC-4F69-9B49-DD4752A631EA}.AppStore|x86.Build.0 = Release|x86
		{32BAC6B6-C5FC-4F69-9B49-DD4752A631EA}.AppStore|x86.Deploy.0 = Release|x86
		{32BAC6B6-C5FC-4F69-9B49-DD4752A631EA}.Debug|Any CPU.ActiveCfg = Debug|x86
		{32BAC6B6-C5FC-4F69-9B49-DD4752A631EA}.Debug|ARM.ActiveCfg = Debug|ARM
		{32BAC6B6-C5FC-4F69-9B49-DD4752A631EA}.Debug|ARM.Build.0 = Debug|ARM
		{32BAC6B6-C5FC-4F69-9B49-DD4752A631EA}.Debug|ARM.Deploy.0 = Debug|ARM
		{32BAC6B6-C5FC-4F69-9B49-DD4752A631EA}.Debug|iPhone.ActiveCfg = Debug|x86
		{32BAC6B6-C5FC-4F69-9B49-DD4752A631EA}.Debug|iPhoneSimulator.ActiveCfg = Debug|x86
		{32BAC6B6-C5FC-4F69-9B49-DD4752A631EA}.Debug|x64.ActiveCfg = Debug|x64
		{32BAC6B6-C5FC-4F69-9B49-DD4752A631EA}.Debug|x64.Build.0 = Debug|x64
		{32BAC6B6-C5FC-4F69-9B49-DD4752A631EA}.Debug|x64.Deploy.0 = Debug|x64
		{32BAC6B6-C5FC-4F69-9B49-DD4752A631EA}.Debug|x86.ActiveCfg = Debug|x86
		{32BAC6B6-C5FC-4F69-9B49-DD4752A631EA}.Debug|x86.Build.0 = Debug|x86
		{32BAC6B6-C5FC-4F69-9B49-DD4752A631EA}.Debug|x86.Deploy.0 = Debug|x86
		{32BAC6B6-C5FC-4F69-9B49-DD4752A631EA}.Release|Any CPU.ActiveCfg = Release|x86
		{32BAC6B6-C5FC-4F69-9B49-DD4752A631EA}.Release|ARM.ActiveCfg = Release|ARM
		{32BAC6B6-C5FC-4F69-9B49-DD4752A631EA}.Release|ARM.Build.0 = Release|ARM
		{32BAC6B6-C5FC-4F69-9B49-DD4752A631EA}.Release|ARM.Deploy.0 = Release|ARM
		{32BAC6B6-C5FC-4F69-9B49-DD4752A631EA}.Release|iPhone.ActiveCfg = Release|x86
		{32BAC6B6-C5FC-4F69-9B49-DD4752A631EA}.Release|iPhoneSimulator.ActiveCfg = Release|x86
		{32BAC6B6-C5FC-4F69-9B49-DD4752A631EA}.Release|x64.ActiveCfg = Release|x64
		{32BAC6B6-C5FC-4F69-9B49-DD4752A631EA}.Release|x64.Build.0 = Release|x64
		{32BAC6B6-C5FC-4F69-9B49-DD4752A631EA}.Release|x64.Deploy.0 = Release|x64
		{32BAC6B6-C5FC-4F69-9B49-DD4752A631EA}.Release|x86.ActiveCfg = Release|x86
		{32BAC6B6-C5FC-4F69-9B49-DD4752A631EA}.Release|x86.Build.0 = Release|x86
		{32BAC6B6-C5FC-4F69-9B49-DD4752A631EA}.Release|x86.Deploy.0 = Release|x86
		{66760DB4-ECED-4E56-9BE0-C3F26E20BD79}.Ad-Hoc|Any CPU.ActiveCfg = Debug|Any CPU
		{66760DB4-ECED-4E56-9BE0-C3F26E20BD79}.Ad-Hoc|Any CPU.Build.0 = Debug|Any CPU
		{66760DB4-ECED-4E56-9BE0-C3F26E20BD79}.Ad-Hoc|ARM.ActiveCfg = Debug|Any CPU
		{66760DB4-ECED-4E56-9BE0-C3F26E20BD79}.Ad-Hoc|ARM.Build.0 = Debug|Any CPU
		{66760DB4-ECED-4E56-9BE0-C3F26E20BD79}.Ad-Hoc|iPhone.ActiveCfg = Debug|Any CPU
		{66760DB4-ECED-4E56-9BE0-C3F26E20BD79}.Ad-Hoc|iPhone.Build.0 = Debug|Any CPU
		{66760DB4-ECED-4E56-9BE0-C3F26E20BD79}.Ad-Hoc|iPhoneSimulator.ActiveCfg = Debug|Any CPU
		{66760DB4-ECED-4E56-9BE0-C3F26E20BD79}.Ad-Hoc|iPhoneSimulator.Build.0 = Debug|Any CPU
		{66760DB4-ECED-4E56-9BE0-C3F26E20BD79}.Ad-Hoc|x64.ActiveCfg = Debug|Any CPU
		{66760DB4-ECED-4E56-9BE0-C3F26E20BD79}.Ad-Hoc|x64.Build.0 = Debug|Any CPU
		{66760DB4-ECED-4E56-9BE0-C3F26E20BD79}.Ad-Hoc|x86.ActiveCfg = Debug|Any CPU
		{66760DB4-ECED-4E56-9BE0-C3F26E20BD79}.Ad-Hoc|x86.Build.0 = Debug|Any CPU
		{66760DB4-ECED-4E56-9BE0-C3F26E20BD79}.AppStore|Any CPU.ActiveCfg = Debug|Any CPU
		{66760DB4-ECED-4E56-9BE0-C3F26E20BD79}.AppStore|Any CPU.Build.0 = Debug|Any CPU
		{66760DB4-ECED-4E56-9BE0-C3F26E20BD79}.AppStore|ARM.ActiveCfg = Debug|Any CPU
		{66760DB4-ECED-4E56-9BE0-C3F26E20BD79}.AppStore|ARM.Build.0 = Debug|Any CPU
		{66760DB4-ECED-4E56-9BE0-C3F26E20BD79}.AppStore|iPhone.ActiveCfg = Debug|Any CPU
		{66760DB4-ECED-4E56-9BE0-C3F26E20BD79}.AppStore|iPhone.Build.0 = Debug|Any CPU
		{66760DB4-ECED-4E56-9BE0-C3F26E20BD79}.AppStore|iPhoneSimulator.ActiveCfg = Debug|Any CPU
		{66760DB4-ECED-4E56-9BE0-C3F26E20BD79}.AppStore|iPhoneSimulator.Build.0 = Debug|Any CPU
		{66760DB4-ECED-4E56-9BE0-C3F26E20BD79}.AppStore|x64.ActiveCfg = Debug|Any CPU
		{66760DB4-ECED-4E56-9BE0-C3F26E20BD79}.AppStore|x64.Build.0 = Debug|Any CPU
		{66760DB4-ECED-4E56-9BE0-C3F26E20BD79}.AppStore|x86.ActiveCfg = Debug|Any CPU
		{66760DB4-ECED-4E56-9BE0-C3F26E20BD79}.AppStore|x86.Build.0 = Debug|Any CPU
		{66760DB4-ECED-4E56-9BE0-C3F26E20BD79}.Debug|Any CPU.ActiveCfg = Debug|Any CPU
		{66760DB4-ECED-4E56-9BE0-C3F26E20BD79}.Debug|Any CPU.Build.0 = Debug|Any CPU
		{66760DB4-ECED-4E56-9BE0-C3F26E20BD79}.Debug|ARM.ActiveCfg = Debug|Any CPU
		{66760DB4-ECED-4E56-9BE0-C3F26E20BD79}.Debug|ARM.Build.0 = Debug|Any CPU
		{66760DB4-ECED-4E56-9BE0-C3F26E20BD79}.Debug|iPhone.ActiveCfg = Debug|Any CPU
		{66760DB4-ECED-4E56-9BE0-C3F26E20BD79}.Debug|iPhone.Build.0 = Debug|Any CPU
		{66760DB4-ECED-4E56-9BE0-C3F26E20BD79}.Debug|iPhoneSimulator.ActiveCfg = Debug|Any CPU
		{66760DB4-ECED-4E56-9BE0-C3F26E20BD79}.Debug|iPhoneSimulator.Build.0 = Debug|Any CPU
		{66760DB4-ECED-4E56-9BE0-C3F26E20BD79}.Debug|x64.ActiveCfg = Debug|Any CPU
		{66760DB4-ECED-4E56-9BE0-C3F26E20BD79}.Debug|x64.Build.0 = Debug|Any CPU
		{66760DB4-ECED-4E56-9BE0-C3F26E20BD79}.Debug|x86.ActiveCfg = Debug|Any CPU
		{66760DB4-ECED-4E56-9BE0-C3F26E20BD79}.Debug|x86.Build.0 = Debug|Any CPU
		{66760DB4-ECED-4E56-9BE0-C3F26E20BD79}.Release|Any CPU.ActiveCfg = Release|Any CPU
		{66760DB4-ECED-4E56-9BE0-C3F26E20BD79}.Release|Any CPU.Build.0 = Release|Any CPU
		{66760DB4-ECED-4E56-9BE0-C3F26E20BD79}.Release|ARM.ActiveCfg = Release|Any CPU
		{66760DB4-ECED-4E56-9BE0-C3F26E20BD79}.Release|ARM.Build.0 = Release|Any CPU
		{66760DB4-ECED-4E56-9BE0-C3F26E20BD79}.Release|iPhone.ActiveCfg = Release|Any CPU
		{66760DB4-ECED-4E56-9BE0-C3F26E20BD79}.Release|iPhone.Build.0 = Release|Any CPU
		{66760DB4-ECED-4E56-9BE0-C3F26E20BD79}.Release|iPhoneSimulator.ActiveCfg = Release|Any CPU
		{66760DB4-ECED-4E56-9BE0-C3F26E20BD79}.Release|iPhoneSimulator.Build.0 = Release|Any CPU
		{66760DB4-ECED-4E56-9BE0-C3F26E20BD79}.Release|x64.ActiveCfg = Release|Any CPU
		{66760DB4-ECED-4E56-9BE0-C3F26E20BD79}.Release|x64.Build.0 = Release|Any CPU
		{66760DB4-ECED-4E56-9BE0-C3F26E20BD79}.Release|x86.ActiveCfg = Release|Any CPU
		{66760DB4-ECED-4E56-9BE0-C3F26E20BD79}.Release|x86.Build.0 = Release|Any CPU
	EndGlobalSection
	GlobalSection(SolutionProperties) = preSolution
		HideSolutionNode = FALSE
	EndGlobalSection
	GlobalSection(ExtensibilityGlobals) = postSolution
		SolutionGuid = {88B35C62-994C-4A28-9178-019B7042AEDE}
	EndGlobalSection
EndGlobal
